version = 1
requires-python = ">=3.12"

[[package]]
name = "argcomplete"
version = "3.6.2"
source = { registry = "https://pypi.org/simple" }
sdist = { url = "https://files.pythonhosted.org/packages/16/0f/861e168fc813c56a78b35f3c30d91c6757d1fd185af1110f1aec784b35d0/argcomplete-3.6.2.tar.gz", hash = "sha256:d0519b1bc867f5f4f4713c41ad0aba73a4a5f007449716b16f385f2166dc6adf", size = 73403 }
wheels = [
    { url = "https://files.pythonhosted.org/packages/31/da/e42d7a9d8dd33fa775f467e4028a47936da2f01e4b0e561f9ba0d74cb0ca/argcomplete-3.6.2-py3-none-any.whl", hash = "sha256:65b3133a29ad53fb42c48cf5114752c7ab66c1c38544fdf6460f450c09b42591", size = 43708 },
]

[[package]]
name = "bitarray"
version = "3.4.2"
source = { registry = "https://pypi.org/simple" }
sdist = { url = "https://files.pythonhosted.org/packages/b8/0d/15826c7c2d49a4518a1b24b0d432f1ecad2e0b68168f942058b5de498498/bitarray-3.4.2.tar.gz", hash = "sha256:78ed2b911aabede3a31e3329b1de8abdc8104bd5e0545184ddbd9c7f668f4059", size = 143756 }
wheels = [
    { url = "https://files.pythonhosted.org/packages/05/57/0b2b50eb3f50c3144f705d0994171f17fda00ee3a72d563ba764ea235f66/bitarray-3.4.2-cp312-cp312-macosx_10_13_x86_64.whl", hash = "sha256:a0e498563e0eefa96a1b92461d083de11256f6510b7706d5f2e6473cd9b7137a", size = 141191 },
    { url = "https://files.pythonhosted.org/packages/81/c3/1d9ce4d0041c10ce90d924b8cea63afdda84a64623179045c0c67998922c/bitarray-3.4.2-cp312-cp312-macosx_11_0_arm64.whl", hash = "sha256:114870ab71a0ebdac211aa0a120a54206c333b74b99fdf4b58fbe904979e1fef", size = 138158 },
    { url = "https://files.pythonhosted.org/packages/5d/dd/a8653dac671ba97b1c68ee73b08a0eb2042f24e5e31f51b86afc09588c06/bitarray-3.4.2-cp312-cp312-manylinux_2_17_aarch64.manylinux2014_aarch64.whl", hash = "sha256:1fbf6121978cba4313c31f7cc5961e481242def2b8ddfea34ca27ba9da52c9c1", size = 315834 },
    { url = "https://files.pythonhosted.org/packages/3d/a2/30547bea0a35f9f953e99f5157749d56304d3f3a96b01a982dd604a9dc48/bitarray-3.4.2-cp312-cp312-manylinux_2_17_ppc64le.manylinux2014_ppc64le.whl", hash = "sha256:423bb4e1bec0bc5d63969e12bcc5cc0081cc5aec4d7b62a6cd8240342aa36107", size = 331317 },
    { url = "https://files.pythonhosted.org/packages/2d/b9/1789476280f46455a9a30bcd252fda6fd995583d97d1b919ec0296393e2a/bitarray-3.4.2-cp312-cp312-manylinux_2_17_s390x.manylinux2014_s390x.whl", hash = "sha256:2ef80a96487c82477e8def69a58a218491794f7989b3e191cbaaa7b450315a5c", size = 324416 },
    { url = "https://files.pythonhosted.org/packages/84/89/519c829ca641a3e7b8c9be56d177aaa05572b7e15e4298df4a77959b6a1e/bitarray-3.4.2-cp312-cp312-manylinux_2_17_x86_64.manylinux2014_x86_64.whl", hash = "sha256:35f5c69a79047e50bc1d54a777541b0a86b213e23559b1ac3d76fa9a42cc5522", size = 317634 },
    { url = "https://files.pythonhosted.org/packages/0d/39/ebb6a6539261279c0994836b40b99384fa5e27ec239e70b203e310343f80/bitarray-3.4.2-cp312-cp312-manylinux_2_5_i686.manylinux1_i686.manylinux_2_17_i686.manylinux2014_i686.whl", hash = "sha256:002f7b128ed9d18d3ecb51ca78aeea5afffbe8e80d6be4ff2984d045b1c4b937", size = 305392 },
    { url = "https://files.pythonhosted.org/packages/83/04/0ee0d57b2a60fdf881346f196fd92b824f44f4736026da1d8c7970745266/bitarray-3.4.2-cp312-cp312-musllinux_1_2_aarch64.whl", hash = "sha256:999bccc72704afcf4a3d9868db4d149c032cdf910f9f7d91e30166978530af7f", size = 309740 },
    { url = "https://files.pythonhosted.org/packages/f6/39/5ab0339e93097f2a2631ea281a6386c31707011499d5cf68b4e0e37ba124/bitarray-3.4.2-cp312-cp312-musllinux_1_2_i686.whl", hash = "sha256:2e44cfe2bc161cde3b11604f279e3048ef7bd3413837aadbd2ca30b5233c82cb", size = 301607 },
    { url = "https://files.pythonhosted.org/packages/e8/bb/b8f697ba6a16c1e393afe75029d069e2dd457e62b112c3cb26768d2e65eb/bitarray-3.4.2-cp312-cp312-musllinux_1_2_ppc64le.whl", hash = "sha256:f408ba3e6f706a0eabae405d1906ceb539f34a318562a91ab9799c5e1712e18c", size = 325942 },
    { url = "https://files.pythonhosted.org/packages/64/ec/77d866a96909c09c5a34f1716f015386f9d9bbbf4b5dc7219f642b8043e2/bitarray-3.4.2-cp312-cp312-musllinux_1_2_s390x.whl", hash = "sha256:bf94513ae559b2525e6218e41b03790f866d75df5404490420f2c25e42cf55e7", size = 329491 },
    { url = "https://files.pythonhosted.org/packages/37/6e/633b7d392a39df655c92035da9ee52f7332bb165ae72038692a33a6def6c/bitarray-3.4.2-cp312-cp312-musllinux_1_2_x86_64.whl", hash = "sha256:6f2c88c792815d2755c49a3a1fca256e142c4adfadf1a2142b5a3a37e4d4b871", size = 309566 },
    { url = "https://files.pythonhosted.org/packages/ab/38/9d7ad6eca72e09b81097176dd66eed3aeaabdea4c24cf6ce25609599ce7b/bitarray-3.4.2-cp312-cp312-win32.whl", hash = "sha256:f4dac6b942c4d7ae5f6eb555ee3993de1432bf9c8f46e3caf74b6671ac5571a3", size = 134600 },
    { url = "https://files.pythonhosted.org/packages/d4/d3/c83ec3d912be73861a064f1a705436f270b8c5b5926350a875bd6c06b6df/bitarray-3.4.2-cp312-cp312-win_amd64.whl", hash = "sha256:6c37e6814633041307f0df281651a86372b0ccdb1e4768247a87e83e2b68f9b9", size = 141844 },
    { url = "https://files.pythonhosted.org/packages/f2/22/973d377477e1f27cf64f9e3292343219577136e32665a52667589380100d/bitarray-3.4.2-cp313-cp313-macosx_10_13_x86_64.whl", hash = "sha256:16263bdbb05ce379e7b8e9a9f3e0a61a9204a06a037bbc91322d2939b3079fd5", size = 141162 },
    { url = "https://files.pythonhosted.org/packages/eb/53/65541b94fb6df1e8aa9a7359ac68f469c3243d8bc7302c5fb8ff8936dab2/bitarray-3.4.2-cp313-cp313-macosx_11_0_arm64.whl", hash = "sha256:41fdc6fb8c3aabfcfe0073302c69fef0c74d6499491f133ba58755c3f2afb3d0", size = 138162 },
    { url = "https://files.pythonhosted.org/packages/a4/b2/83d587965f7969a5016a5bf5c9295a0651a34b668df41fa089d7c924ac08/bitarray-3.4.2-cp313-cp313-manylinux_2_17_aarch64.manylinux2014_aarch64.whl", hash = "sha256:02c2571337b11c69206e339170516f3e72b4ec16250876c4f2bbb6e82b9caa15", size = 315760 },
    { url = "https://files.pythonhosted.org/packages/4f/f5/2b2924181809debdb644143aa33d16facdce5763d5ff17e5301ecdaf89dc/bitarray-3.4.2-cp313-cp313-manylinux_2_17_ppc64le.manylinux2014_ppc64le.whl", hash = "sha256:c0e3d5f37217dde9b206418c37c4d86e173f072a892670e9714e6bb20b228e95", size = 331250 },
    { url = "https://files.pythonhosted.org/packages/00/2b/8ed4eeb947e05ef54614feff4cc4badd03e29ec35d46aa0218513cc9f8ac/bitarray-3.4.2-cp313-cp313-manylinux_2_17_s390x.manylinux2014_s390x.whl", hash = "sha256:83202735f21fc781f27228daeae94b6c7df1a9f673b9dd6a1c0b3764d92b8e50", size = 324299 },
    { url = "https://files.pythonhosted.org/packages/05/27/d7f1b15c079cbeffad76f97c41c27635873be4d5600f6896b2bbc4f5caff/bitarray-3.4.2-cp313-cp313-manylinux_2_17_x86_64.manylinux2014_x86_64.whl", hash = "sha256:53b3f8c35812d85a299d6c0ff097f93e18dfb7a324c129e20a4ec0ecfc4ba995", size = 317522 },
    { url = "https://files.pythonhosted.org/packages/a5/db/e6a857a23222360dbc0b0d177e6060ecd88d63a1d6a3c2b52333c21a9683/bitarray-3.4.2-cp313-cp313-manylinux_2_5_i686.manylinux1_i686.manylinux_2_17_i686.manylinux2014_i686.whl", hash = "sha256:ef3f2e8ba5d6e0f38b57960d1bfb72aa9e2115f7cdca48561fadced652798d49", size = 305290 },
    { url = "https://files.pythonhosted.org/packages/16/12/3b945e415233889c57c26f95a9a6a245da546e2c8d1de09991332cb796ff/bitarray-3.4.2-cp313-cp313-musllinux_1_2_aarch64.whl", hash = "sha256:508ec6547bdd9f0c435c322fbb127a3dfd74c943a6c7f77fa5dfcb3e9ce1de66", size = 309764 },
    { url = "https://files.pythonhosted.org/packages/6c/0e/9effb83e23ef5495c9078bdbac948df4fe2b202fb0ac5b33412848ab4b1e/bitarray-3.4.2-cp313-cp313-musllinux_1_2_i686.whl", hash = "sha256:1a3a08cc920f601258ea33d97b4454cd7cb04d17930e0a3bc7328ba3d732f8b0", size = 301690 },
    { url = "https://files.pythonhosted.org/packages/cb/67/9a73476c8cd6a67ff5ab9c5c1d916307e4fb9178d76ee2781552451c995c/bitarray-3.4.2-cp313-cp313-musllinux_1_2_ppc64le.whl", hash = "sha256:60189130ae1ebaadbab27e3ad0a7d7ed44f5d9456bbfae07c72138501ce59053", size = 326049 },
    { url = "https://files.pythonhosted.org/packages/bf/b1/2a81f5f96c1ccc033d8c63b4584aedbd9e27499cf2276fc70d4f87ad673b/bitarray-3.4.2-cp313-cp313-musllinux_1_2_s390x.whl", hash = "sha256:9e425eaf21a8d7b76531630029441c6d61f6064cbf4dd592af1607c79eb2e4d0", size = 329565 },
    { url = "https://files.pythonhosted.org/packages/2e/30/670efe7771944b4b7d0aacdc076969adc9428c9d0939ee70230bdf4c8aed/bitarray-3.4.2-cp313-cp313-musllinux_1_2_x86_64.whl", hash = "sha256:952cc40c593f663ba083be76d1ccdb6dc9dafab8fb6d949056405636b2e720f3", size = 309661 },
    { url = "https://files.pythonhosted.org/packages/ee/2e/b2d8e842fe484d7d18fcd137289e396c7784b8484e0ec7e94ffe4bb7e8f9/bitarray-3.4.2-cp313-cp313-win32.whl", hash = "sha256:158f6b1a315eaf971f88e66f9b93431c3b580b46d2121c6a1166e7b761408fdf", size = 134614 },
    { url = "https://files.pythonhosted.org/packages/0c/50/0ec25a51197410a66146eea7950e3597baedb000f2f2e2458bb6d5306b0a/bitarray-3.4.2-cp313-cp313-win_amd64.whl", hash = "sha256:2d24658ac96a82beb4da2f5c71bef9790f3dcabadbe8ead8dda742ab207fe2f9", size = 141851 },
]

[[package]]
name = "bitstring"
version = "4.3.1"
source = { registry = "https://pypi.org/simple" }
dependencies = [
    { name = "bitarray" },
]
sdist = { url = "https://files.pythonhosted.org/packages/15/a8/a80c890db75d5bdd5314b5de02c4144c7de94fd0cefcae51acaeb14c6a3f/bitstring-4.3.1.tar.gz", hash = "sha256:a08bc09d3857216d4c0f412a1611056f1cc2b64fd254fb1e8a0afba7cfa1a95a", size = 251426 }
wheels = [
    { url = "https://files.pythonhosted.org/packages/75/2d/174566b533755ddf8efb32a5503af61c756a983de379f8ad3aed6a982d38/bitstring-4.3.1-py3-none-any.whl", hash = "sha256:69d1587f0ac18dc7d93fc7e80d5f447161a33e57027e726dc18a0a8bacf1711a", size = 71930 },
]

[[package]]
name = "cffi"
version = "1.17.1"
source = { registry = "https://pypi.org/simple" }
dependencies = [
    { name = "pycparser" },
]
sdist = { url = "https://files.pythonhosted.org/packages/fc/97/c783634659c2920c3fc70419e3af40972dbaf758daa229a7d6ea6135c90d/cffi-1.17.1.tar.gz", hash = "sha256:1c39c6016c32bc48dd54561950ebd6836e1670f2ae46128f67cf49e789c52824", size = 516621 }
wheels = [
    { url = "https://files.pythonhosted.org/packages/5a/84/e94227139ee5fb4d600a7a4927f322e1d4aea6fdc50bd3fca8493caba23f/cffi-1.17.1-cp312-cp312-macosx_10_9_x86_64.whl", hash = "sha256:805b4371bf7197c329fcb3ead37e710d1bca9da5d583f5073b799d5c5bd1eee4", size = 183178 },
    { url = "https://files.pythonhosted.org/packages/da/ee/fb72c2b48656111c4ef27f0f91da355e130a923473bf5ee75c5643d00cca/cffi-1.17.1-cp312-cp312-macosx_11_0_arm64.whl", hash = "sha256:733e99bc2df47476e3848417c5a4540522f234dfd4ef3ab7fafdf555b082ec0c", size = 178840 },
    { url = "https://files.pythonhosted.org/packages/cc/b6/db007700f67d151abadf508cbfd6a1884f57eab90b1bb985c4c8c02b0f28/cffi-1.17.1-cp312-cp312-manylinux_2_12_i686.manylinux2010_i686.manylinux_2_17_i686.manylinux2014_i686.whl", hash = "sha256:1257bdabf294dceb59f5e70c64a3e2f462c30c7ad68092d01bbbfb1c16b1ba36", size = 454803 },
    { url = "https://files.pythonhosted.org/packages/1a/df/f8d151540d8c200eb1c6fba8cd0dfd40904f1b0682ea705c36e6c2e97ab3/cffi-1.17.1-cp312-cp312-manylinux_2_17_aarch64.manylinux2014_aarch64.whl", hash = "sha256:da95af8214998d77a98cc14e3a3bd00aa191526343078b530ceb0bd710fb48a5", size = 478850 },
    { url = "https://files.pythonhosted.org/packages/28/c0/b31116332a547fd2677ae5b78a2ef662dfc8023d67f41b2a83f7c2aa78b1/cffi-1.17.1-cp312-cp312-manylinux_2_17_ppc64le.manylinux2014_ppc64le.whl", hash = "sha256:d63afe322132c194cf832bfec0dc69a99fb9bb6bbd550f161a49e9e855cc78ff", size = 485729 },
    { url = "https://files.pythonhosted.org/packages/91/2b/9a1ddfa5c7f13cab007a2c9cc295b70fbbda7cb10a286aa6810338e60ea1/cffi-1.17.1-cp312-cp312-manylinux_2_17_s390x.manylinux2014_s390x.whl", hash = "sha256:f79fc4fc25f1c8698ff97788206bb3c2598949bfe0fef03d299eb1b5356ada99", size = 471256 },
    { url = "https://files.pythonhosted.org/packages/b2/d5/da47df7004cb17e4955df6a43d14b3b4ae77737dff8bf7f8f333196717bf/cffi-1.17.1-cp312-cp312-manylinux_2_17_x86_64.manylinux2014_x86_64.whl", hash = "sha256:b62ce867176a75d03a665bad002af8e6d54644fad99a3c70905c543130e39d93", size = 479424 },
    { url = "https://files.pythonhosted.org/packages/0b/ac/2a28bcf513e93a219c8a4e8e125534f4f6db03e3179ba1c45e949b76212c/cffi-1.17.1-cp312-cp312-musllinux_1_1_aarch64.whl", hash = "sha256:386c8bf53c502fff58903061338ce4f4950cbdcb23e2902d86c0f722b786bbe3", size = 484568 },
    { url = "https://files.pythonhosted.org/packages/d4/38/ca8a4f639065f14ae0f1d9751e70447a261f1a30fa7547a828ae08142465/cffi-1.17.1-cp312-cp312-musllinux_1_1_x86_64.whl", hash = "sha256:4ceb10419a9adf4460ea14cfd6bc43d08701f0835e979bf821052f1805850fe8", size = 488736 },
    { url = "https://files.pythonhosted.org/packages/86/c5/28b2d6f799ec0bdecf44dced2ec5ed43e0eb63097b0f58c293583b406582/cffi-1.17.1-cp312-cp312-win32.whl", hash = "sha256:a08d7e755f8ed21095a310a693525137cfe756ce62d066e53f502a83dc550f65", size = 172448 },
    { url = "https://files.pythonhosted.org/packages/50/b9/db34c4755a7bd1cb2d1603ac3863f22bcecbd1ba29e5ee841a4bc510b294/cffi-1.17.1-cp312-cp312-win_amd64.whl", hash = "sha256:51392eae71afec0d0c8fb1a53b204dbb3bcabcb3c9b807eedf3e1e6ccf2de903", size = 181976 },
    { url = "https://files.pythonhosted.org/packages/8d/f8/dd6c246b148639254dad4d6803eb6a54e8c85c6e11ec9df2cffa87571dbe/cffi-1.17.1-cp313-cp313-macosx_10_13_x86_64.whl", hash = "sha256:f3a2b4222ce6b60e2e8b337bb9596923045681d71e5a082783484d845390938e", size = 182989 },
    { url = "https://files.pythonhosted.org/packages/8b/f1/672d303ddf17c24fc83afd712316fda78dc6fce1cd53011b839483e1ecc8/cffi-1.17.1-cp313-cp313-macosx_11_0_arm64.whl", hash = "sha256:0984a4925a435b1da406122d4d7968dd861c1385afe3b45ba82b750f229811e2", size = 178802 },
    { url = "https://files.pythonhosted.org/packages/0e/2d/eab2e858a91fdff70533cab61dcff4a1f55ec60425832ddfdc9cd36bc8af/cffi-1.17.1-cp313-cp313-manylinux_2_12_i686.manylinux2010_i686.manylinux_2_17_i686.manylinux2014_i686.whl", hash = "sha256:d01b12eeeb4427d3110de311e1774046ad344f5b1a7403101878976ecd7a10f3", size = 454792 },
    { url = "https://files.pythonhosted.org/packages/75/b2/fbaec7c4455c604e29388d55599b99ebcc250a60050610fadde58932b7ee/cffi-1.17.1-cp313-cp313-manylinux_2_17_aarch64.manylinux2014_aarch64.whl", hash = "sha256:706510fe141c86a69c8ddc029c7910003a17353970cff3b904ff0686a5927683", size = 478893 },
    { url = "https://files.pythonhosted.org/packages/4f/b7/6e4a2162178bf1935c336d4da8a9352cccab4d3a5d7914065490f08c0690/cffi-1.17.1-cp313-cp313-manylinux_2_17_ppc64le.manylinux2014_ppc64le.whl", hash = "sha256:de55b766c7aa2e2a3092c51e0483d700341182f08e67c63630d5b6f200bb28e5", size = 485810 },
    { url = "https://files.pythonhosted.org/packages/c7/8a/1d0e4a9c26e54746dc08c2c6c037889124d4f59dffd853a659fa545f1b40/cffi-1.17.1-cp313-cp313-manylinux_2_17_s390x.manylinux2014_s390x.whl", hash = "sha256:c59d6e989d07460165cc5ad3c61f9fd8f1b4796eacbd81cee78957842b834af4", size = 471200 },
    { url = "https://files.pythonhosted.org/packages/26/9f/1aab65a6c0db35f43c4d1b4f580e8df53914310afc10ae0397d29d697af4/cffi-1.17.1-cp313-cp313-manylinux_2_17_x86_64.manylinux2014_x86_64.whl", hash = "sha256:dd398dbc6773384a17fe0d3e7eeb8d1a21c2200473ee6806bb5e6a8e62bb73dd", size = 479447 },
    { url = "https://files.pythonhosted.org/packages/5f/e4/fb8b3dd8dc0e98edf1135ff067ae070bb32ef9d509d6cb0f538cd6f7483f/cffi-1.17.1-cp313-cp313-musllinux_1_1_aarch64.whl", hash = "sha256:3edc8d958eb099c634dace3c7e16560ae474aa3803a5df240542b305d14e14ed", size = 484358 },
    { url = "https://files.pythonhosted.org/packages/f1/47/d7145bf2dc04684935d57d67dff9d6d795b2ba2796806bb109864be3a151/cffi-1.17.1-cp313-cp313-musllinux_1_1_x86_64.whl", hash = "sha256:72e72408cad3d5419375fc87d289076ee319835bdfa2caad331e377589aebba9", size = 488469 },
    { url = "https://files.pythonhosted.org/packages/bf/ee/f94057fa6426481d663b88637a9a10e859e492c73d0384514a17d78ee205/cffi-1.17.1-cp313-cp313-win32.whl", hash = "sha256:e03eab0a8677fa80d646b5ddece1cbeaf556c313dcfac435ba11f107ba117b5d", size = 172475 },
    { url = "https://files.pythonhosted.org/packages/7c/fc/6a8cb64e5f0324877d503c854da15d76c1e50eb722e320b15345c4d0c6de/cffi-1.17.1-cp313-cp313-win_amd64.whl", hash = "sha256:f6a16c31041f09ead72d69f583767292f750d24913dadacf5756b966aacb3f1a", size = 182009 },
]

[[package]]
name = "cryptography"
version = "45.0.2"
source = { registry = "https://pypi.org/simple" }
dependencies = [
    { name = "cffi", marker = "platform_python_implementation != 'PyPy'" },
]
sdist = { url = "https://files.pythonhosted.org/packages/f6/47/92a8914716f2405f33f1814b97353e3cfa223cd94a77104075d42de3099e/cryptography-45.0.2.tar.gz", hash = "sha256:d784d57b958ffd07e9e226d17272f9af0c41572557604ca7554214def32c26bf", size = 743865 }
wheels = [
    { url = "https://files.pythonhosted.org/packages/3d/2f/46b9e715157643ad16f039ec3c3c47d174da6f825bf5034b1c5f692ab9e2/cryptography-45.0.2-cp311-abi3-macosx_10_9_universal2.whl", hash = "sha256:61a8b1bbddd9332917485b2453d1de49f142e6334ce1d97b7916d5a85d179c84", size = 7043448 },
    { url = "https://files.pythonhosted.org/packages/90/52/49e6c86278e1b5ec226e96b62322538ccc466306517bf9aad8854116a088/cryptography-45.0.2-cp311-abi3-manylinux_2_17_aarch64.manylinux2014_aarch64.whl", hash = "sha256:4cc31c66411e14dd70e2f384a9204a859dc25b05e1f303df0f5326691061b839", size = 4201098 },
    { url = "https://files.pythonhosted.org/packages/7b/3a/201272539ac5b66b4cb1af89021e423fc0bfacb73498950280c51695fb78/cryptography-45.0.2-cp311-abi3-manylinux_2_17_x86_64.manylinux2014_x86_64.whl", hash = "sha256:463096533acd5097f8751115bc600b0b64620c4aafcac10c6d0041e6e68f88fe", size = 4429839 },
    { url = "https://files.pythonhosted.org/packages/99/89/fa1a84832b8f8f3917875cb15324bba98def5a70175a889df7d21a45dc75/cryptography-45.0.2-cp311-abi3-manylinux_2_28_aarch64.whl", hash = "sha256:cdafb86eb673c3211accffbffdb3cdffa3aaafacd14819e0898d23696d18e4d3", size = 4205154 },
    { url = "https://files.pythonhosted.org/packages/1c/c5/5225d5230d538ab461725711cf5220560a813d1eb68bafcfb00131b8f631/cryptography-45.0.2-cp311-abi3-manylinux_2_28_armv7l.manylinux_2_31_armv7l.whl", hash = "sha256:05c2385b1f5c89a17df19900cfb1345115a77168f5ed44bdf6fd3de1ce5cc65b", size = 3897145 },
    { url = "https://files.pythonhosted.org/packages/fe/24/f19aae32526cc55ae17d473bc4588b1234af2979483d99cbfc57e55ffea6/cryptography-45.0.2-cp311-abi3-manylinux_2_28_x86_64.whl", hash = "sha256:e9e4bdcd70216b08801e267c0b563316b787f957a46e215249921f99288456f9", size = 4462192 },
    { url = "https://files.pythonhosted.org/packages/19/18/4a69ac95b0b3f03355970baa6c3f9502bbfc54e7df81fdb179654a00f48e/cryptography-45.0.2-cp311-abi3-manylinux_2_34_aarch64.whl", hash = "sha256:b2de529027579e43b6dc1f805f467b102fb7d13c1e54c334f1403ee2b37d0059", size = 4208093 },
    { url = "https://files.pythonhosted.org/packages/7c/54/2dea55ccc9558b8fa14f67156250b6ee231e31765601524e4757d0b5db6b/cryptography-45.0.2-cp311-abi3-manylinux_2_34_x86_64.whl", hash = "sha256:10d68763892a7b19c22508ab57799c4423c7c8cd61d7eee4c5a6a55a46511949", size = 4461819 },
    { url = "https://files.pythonhosted.org/packages/37/f1/1b220fcd5ef4b1f0ff3e59e733b61597505e47f945606cc877adab2c1a17/cryptography-45.0.2-cp311-abi3-musllinux_1_2_aarch64.whl", hash = "sha256:d2a90ce2f0f5b695e4785ac07c19a58244092f3c85d57db6d8eb1a2b26d2aad6", size = 4329202 },
    { url = "https://files.pythonhosted.org/packages/6d/e0/51d1dc4f96f819a56db70f0b4039b4185055bbb8616135884c3c3acc4c6d/cryptography-45.0.2-cp311-abi3-musllinux_1_2_x86_64.whl", hash = "sha256:59c0c8f043dd376bbd9d4f636223836aed50431af4c5a467ed9bf61520294627", size = 4570412 },
    { url = "https://files.pythonhosted.org/packages/dc/44/88efb40a3600d15277a77cdc69eeeab45a98532078d2a36cffd9325d3b3f/cryptography-45.0.2-cp311-abi3-win32.whl", hash = "sha256:80303ee6a02ef38c4253160446cbeb5c400c07e01d4ddbd4ff722a89b736d95a", size = 2933584 },
    { url = "https://files.pythonhosted.org/packages/d9/a1/bc9f82ba08760442cc8346d1b4e7b769b86d197193c45b42b3595d231e84/cryptography-45.0.2-cp311-abi3-win_amd64.whl", hash = "sha256:7429936146063bd1b2cfc54f0e04016b90ee9b1c908a7bed0800049cbace70eb", size = 3408537 },
    { url = "https://files.pythonhosted.org/packages/59/bc/1b6acb1dca366f9c0b3880888ecd7fcfb68023930d57df854847c6da1d10/cryptography-45.0.2-cp37-abi3-macosx_10_9_universal2.whl", hash = "sha256:e86c8d54cd19a13e9081898b3c24351683fd39d726ecf8e774aaa9d8d96f5f3a", size = 7025581 },
    { url = "https://files.pythonhosted.org/packages/31/a3/a3e4a298d3db4a04085728f5ae6c8cda157e49c5bb784886d463b9fbff70/cryptography-45.0.2-cp37-abi3-manylinux_2_17_aarch64.manylinux2014_aarch64.whl", hash = "sha256:e328357b6bbf79928363dbf13f4635b7aac0306afb7e5ad24d21d0c5761c3253", size = 4189148 },
    { url = "https://files.pythonhosted.org/packages/53/90/100dfadd4663b389cb56972541ec1103490a19ebad0132af284114ba0868/cryptography-45.0.2-cp37-abi3-manylinux_2_17_x86_64.manylinux2014_x86_64.whl", hash = "sha256:49af56491473231159c98c2c26f1a8f3799a60e5cf0e872d00745b858ddac9d2", size = 4424113 },
    { url = "https://files.pythonhosted.org/packages/0d/40/e2b9177dbed6f3fcbbf1942e1acea2fd15b17007204b79d675540dd053af/cryptography-45.0.2-cp37-abi3-manylinux_2_28_aarch64.whl", hash = "sha256:f169469d04a23282de9d0be349499cb6683b6ff1b68901210faacac9b0c24b7d", size = 4189696 },
    { url = "https://files.pythonhosted.org/packages/70/ae/ec29c79f481e1767c2ff916424ba36f3cf7774de93bbd60428a3c52d1357/cryptography-45.0.2-cp37-abi3-manylinux_2_28_armv7l.manylinux_2_31_armv7l.whl", hash = "sha256:9cfd1399064b13043082c660ddd97a0358e41c8b0dc7b77c1243e013d305c344", size = 3881498 },
    { url = "https://files.pythonhosted.org/packages/5f/4a/72937090e5637a232b2f73801c9361cd08404a2d4e620ca4ec58c7ea4b70/cryptography-45.0.2-cp37-abi3-manylinux_2_28_x86_64.whl", hash = "sha256:18f8084b7ca3ce1b8d38bdfe33c48116edf9a08b4d056ef4a96dceaa36d8d965", size = 4451678 },
    { url = "https://files.pythonhosted.org/packages/d3/fa/1377fced81fd67a4a27514248261bb0d45c3c1e02169411fe231583088c8/cryptography-45.0.2-cp37-abi3-manylinux_2_34_aarch64.whl", hash = "sha256:2cb03a944a1a412724d15a7c051d50e63a868031f26b6a312f2016965b661942", size = 4192296 },
    { url = "https://files.pythonhosted.org/packages/d1/cf/b6fe837c83a08b9df81e63299d75fc5b3c6d82cf24b3e1e0e331050e9e5c/cryptography-45.0.2-cp37-abi3-manylinux_2_34_x86_64.whl", hash = "sha256:a9727a21957d3327cf6b7eb5ffc9e4b663909a25fea158e3fcbc49d4cdd7881b", size = 4451749 },
    { url = "https://files.pythonhosted.org/packages/af/d8/5a655675cc635c7190bfc8cffb84bcdc44fc62ce945ad1d844adaa884252/cryptography-45.0.2-cp37-abi3-musllinux_1_2_aarch64.whl", hash = "sha256:ddb8d01aa900b741d6b7cc585a97aff787175f160ab975e21f880e89d810781a", size = 4317601 },
    { url = "https://files.pythonhosted.org/packages/b9/d4/75d2375a20d80aa262a8adee77bf56950e9292929e394b9fae2481803f11/cryptography-45.0.2-cp37-abi3-musllinux_1_2_x86_64.whl", hash = "sha256:c0c000c1a09f069632d8a9eb3b610ac029fcc682f1d69b758e625d6ee713f4ed", size = 4560535 },
    { url = "https://files.pythonhosted.org/packages/aa/18/c3a94474987ebcfb88692036b2ec44880d243fefa73794bdcbf748679a6e/cryptography-45.0.2-cp37-abi3-win32.whl", hash = "sha256:08281de408e7eb71ba3cd5098709a356bfdf65eebd7ee7633c3610f0aa80d79b", size = 2922045 },
    { url = "https://files.pythonhosted.org/packages/63/63/fb28b30c144182fd44ce93d13ab859791adbf923e43bdfb610024bfecda1/cryptography-45.0.2-cp37-abi3-win_amd64.whl", hash = "sha256:48caa55c528617fa6db1a9c3bf2e37ccb31b73e098ac2b71408d1f2db551dde4", size = 3393321 },
]

[[package]]
name = "ecdsa"
version = "0.19.1"
source = { registry = "https://pypi.org/simple" }
dependencies = [
    { name = "six" },
]
sdist = { url = "https://files.pythonhosted.org/packages/c0/1f/924e3caae75f471eae4b26bd13b698f6af2c44279f67af317439c2f4c46a/ecdsa-0.19.1.tar.gz", hash = "sha256:478cba7b62555866fcb3bb3fe985e06decbdb68ef55713c4e5ab98c57d508e61", size = 201793 }
wheels = [
    { url = "https://files.pythonhosted.org/packages/cb/a3/460c57f094a4a165c84a1341c373b0a4f5ec6ac244b998d5021aade89b77/ecdsa-0.19.1-py2.py3-none-any.whl", hash = "sha256:30638e27cf77b7e15c4c4cc1973720149e1033827cfd00661ca5c8cc0cdb24c3", size = 150607 },
]

[[package]]
name = "esptool"
version = "4.8.1"
source = { registry = "https://pypi.org/simple" }
dependencies = [
    { name = "argcomplete", marker = "sys_platform != 'win32'" },
    { name = "bitstring" },
    { name = "cryptography" },
    { name = "ecdsa" },
    { name = "intelhex" },
    { name = "pyserial" },
    { name = "pyyaml" },
    { name = "reedsolo" },
]
sdist = { url = "https://files.pythonhosted.org/packages/5c/6b/3ce9bb7f36bdef3d6ae71646a1d3b7d59826a478f3ed8a783a93a2f8f537/esptool-4.8.1.tar.gz", hash = "sha256:dc4ef26b659e1a8dcb019147c0ea6d94980b34de99fbe09121c7941c8b254531", size = 409512 }

[[package]]
name = "intelhex"
version = "2.3.0"
source = { registry = "https://pypi.org/simple" }
sdist = { url = "https://files.pythonhosted.org/packages/66/37/1e7522494557d342a24cb236e2aec5d078fac8ed03ad4b61372586406b01/intelhex-2.3.0.tar.gz", hash = "sha256:892b7361a719f4945237da8ccf754e9513db32f5628852785aea108dcd250093", size = 44513 }
wheels = [
    { url = "https://files.pythonhosted.org/packages/97/78/79461288da2b13ed0a13deb65c4ad1428acb674b95278fa9abf1cefe62a2/intelhex-2.3.0-py2.py3-none-any.whl", hash = "sha256:87cc5225657524ec6361354be928adfd56bcf2a3dcc646c40f8f094c39c07db4", size = 50914 },
]

[[package]]
name = "microcontrollers"
version = "1.0.0"
source = { virtual = "." }
dependencies = [
    { name = "esptool" },
    { name = "micropython-esp32-stubs" },
    { name = "rshell" },
]

[package.metadata]
requires-dist = [
    { name = "esptool", specifier = ">=4.8.1" },
    { name = "micropython-esp32-stubs", specifier = ">=1.25.0.post2" },
    { name = "rshell", specifier = ">=0.0.36" },
]

[[package]]
name = "micropython-esp32-stubs"
version = "1.25.0.post2"
source = { registry = "https://pypi.org/simple" }
dependencies = [
    { name = "micropython-stdlib-stubs" },
]
sdist = { url = "https://files.pythonhosted.org/packages/c2/90/fce2610f20578797862ac6c3e70220724404aaf9e2e873ad9701b8891d9f/micropython_esp32_stubs-1.25.0.post2.tar.gz", hash = "sha256:9a388a4c87e30e3944b8d04d6a2c25c6bd0f38a955cb2ea6e928b09006a86309", size = 89708 }
wheels = [
    { url = "https://files.pythonhosted.org/packages/c2/73/558c28041bcbd238dc40e4b88811948e540a1bc5432ca9989c19e002260e/micropython_esp32_stubs-1.25.0.post2-py2.py3-none-any.whl", hash = "sha256:34e2153ef8bcb7386c8a24ba9e519310579ce772362706c43483d5f157c192cf", size = 118979 },
]

[[package]]
name = "micropython-stdlib-stubs"
version = "1.25.0"
source = { registry = "https://pypi.org/simple" }
wheels = [
    { url = "https://files.pythonhosted.org/packages/9d/a7/7689472e40f3ecd7179a22cd5ffd2a62865a2028882d9342a827dd67b695/micropython_stdlib_stubs-1.25.0-py3-none-any.whl", hash = "sha256:5b1faecff10f85d1cd812c13e183eb9cd99238f01af7d829995eece4c4450b3f", size = 145300 },
]

[[package]]
name = "pycparser"
version = "2.22"
source = { registry = "https://pypi.org/simple" }
sdist = { url = "https://files.pythonhosted.org/packages/1d/b2/31537cf4b1ca988837256c910a668b553fceb8f069bedc4b1c826024b52c/pycparser-2.22.tar.gz", hash = "sha256:491c8be9c040f5390f5bf44a5b07752bd07f56edf992381b05c701439eec10f6", size = 172736 }
wheels = [
    { url = "https://files.pythonhosted.org/packages/13/a3/a812df4e2dd5696d1f351d58b8fe16a405b234ad2886a0dab9183fb78109/pycparser-2.22-py3-none-any.whl", hash = "sha256:c3702b6d3dd8c7abc1afa565d7e63d53a1d0bd86cdc24edd75470f4de499cfcc", size = 117552 },
]

[[package]]
name = "pyreadline"
version = "2.1"
source = { registry = "https://pypi.org/simple" }
sdist = { url = "https://files.pythonhosted.org/packages/bc/7c/d724ef1ec3ab2125f38a1d53285745445ec4a8f19b9bb0761b4064316679/pyreadline-2.1.zip", hash = "sha256:4530592fc2e85b25b1a9f79664433da09237c1a270e4d78ea5aa3a2c7229e2d1", size = 109189 }

[[package]]
name = "pyserial"
version = "3.5"
source = { registry = "https://pypi.org/simple" }
sdist = { url = "https://files.pythonhosted.org/packages/1e/7d/ae3f0a63f41e4d2f6cb66a5b57197850f919f59e558159a4dd3a818f5082/pyserial-3.5.tar.gz", hash = "sha256:3c77e014170dfffbd816e6ffc205e9842efb10be9f58ec16d3e8675b4925cddb", size = 159125 }
wheels = [
    { url = "https://files.pythonhosted.org/packages/07/bc/587a445451b253b285629263eb51c2d8e9bcea4fc97826266d186f96f558/pyserial-3.5-py2.py3-none-any.whl", hash = "sha256:c4451db6ba391ca6ca299fb3ec7bae67a5c55dde170964c7a14ceefec02f2cf0", size = 90585 },
]

[[package]]
name = "pyudev"
version = "0.24.3"
source = { registry = "https://pypi.org/simple" }
sdist = { url = "https://files.pythonhosted.org/packages/c4/5c/6cc034da13830e3da123ccf9a30910bc868fa16670362f004e4b788d0df1/pyudev-0.24.3.tar.gz", hash = "sha256:2e945427a21674893bb97632401db62139d91cea1ee96137cc7b07ad22198fc7", size = 55970 }
wheels = [
    { url = "https://files.pythonhosted.org/packages/9d/3b/c37870f68ceb067707ca7b04db364a1478fcd40c6194007fb6e492ff9a92/pyudev-0.24.3-py3-none-any.whl", hash = "sha256:e8246f0a014fe370119ba2bc781bfbe62c0298d0d6b39c94e83102a8a3f56960", size = 62677 },
]

[[package]]
name = "pyyaml"
version = "6.0.2"
source = { registry = "https://pypi.org/simple" }
sdist = { url = "https://files.pythonhosted.org/packages/54/ed/79a089b6be93607fa5cdaedf301d7dfb23af5f25c398d5ead2525b063e17/pyyaml-6.0.2.tar.gz", hash = "sha256:d584d9ec91ad65861cc08d42e834324ef890a082e591037abe114850ff7bbc3e", size = 130631 }
wheels = [
    { url = "https://files.pythonhosted.org/packages/86/0c/c581167fc46d6d6d7ddcfb8c843a4de25bdd27e4466938109ca68492292c/PyYAML-6.0.2-cp312-cp312-macosx_10_9_x86_64.whl", hash = "sha256:c70c95198c015b85feafc136515252a261a84561b7b1d51e3384e0655ddf25ab", size = 183873 },
    { url = "https://files.pythonhosted.org/packages/a8/0c/38374f5bb272c051e2a69281d71cba6fdb983413e6758b84482905e29a5d/PyYAML-6.0.2-cp312-cp312-macosx_11_0_arm64.whl", hash = "sha256:ce826d6ef20b1bc864f0a68340c8b3287705cae2f8b4b1d932177dcc76721725", size = 173302 },
    { url = "https://files.pythonhosted.org/packages/c3/93/9916574aa8c00aa06bbac729972eb1071d002b8e158bd0e83a3b9a20a1f7/PyYAML-6.0.2-cp312-cp312-manylinux_2_17_aarch64.manylinux2014_aarch64.whl", hash = "sha256:1f71ea527786de97d1a0cc0eacd1defc0985dcf6b3f17bb77dcfc8c34bec4dc5", size = 739154 },
    { url = "https://files.pythonhosted.org/packages/95/0f/b8938f1cbd09739c6da569d172531567dbcc9789e0029aa070856f123984/PyYAML-6.0.2-cp312-cp312-manylinux_2_17_s390x.manylinux2014_s390x.whl", hash = "sha256:9b22676e8097e9e22e36d6b7bda33190d0d400f345f23d4065d48f4ca7ae0425", size = 766223 },
    { url = "https://files.pythonhosted.org/packages/b9/2b/614b4752f2e127db5cc206abc23a8c19678e92b23c3db30fc86ab731d3bd/PyYAML-6.0.2-cp312-cp312-manylinux_2_17_x86_64.manylinux2014_x86_64.whl", hash = "sha256:80bab7bfc629882493af4aa31a4cfa43a4c57c83813253626916b8c7ada83476", size = 767542 },
    { url = "https://files.pythonhosted.org/packages/d4/00/dd137d5bcc7efea1836d6264f049359861cf548469d18da90cd8216cf05f/PyYAML-6.0.2-cp312-cp312-musllinux_1_1_aarch64.whl", hash = "sha256:0833f8694549e586547b576dcfaba4a6b55b9e96098b36cdc7ebefe667dfed48", size = 731164 },
    { url = "https://files.pythonhosted.org/packages/c9/1f/4f998c900485e5c0ef43838363ba4a9723ac0ad73a9dc42068b12aaba4e4/PyYAML-6.0.2-cp312-cp312-musllinux_1_1_x86_64.whl", hash = "sha256:8b9c7197f7cb2738065c481a0461e50ad02f18c78cd75775628afb4d7137fb3b", size = 756611 },
    { url = "https://files.pythonhosted.org/packages/df/d1/f5a275fdb252768b7a11ec63585bc38d0e87c9e05668a139fea92b80634c/PyYAML-6.0.2-cp312-cp312-win32.whl", hash = "sha256:ef6107725bd54b262d6dedcc2af448a266975032bc85ef0172c5f059da6325b4", size = 140591 },
    { url = "https://files.pythonhosted.org/packages/0c/e8/4f648c598b17c3d06e8753d7d13d57542b30d56e6c2dedf9c331ae56312e/PyYAML-6.0.2-cp312-cp312-win_amd64.whl", hash = "sha256:7e7401d0de89a9a855c839bc697c079a4af81cf878373abd7dc625847d25cbd8", size = 156338 },
    { url = "https://files.pythonhosted.org/packages/ef/e3/3af305b830494fa85d95f6d95ef7fa73f2ee1cc8ef5b495c7c3269fb835f/PyYAML-6.0.2-cp313-cp313-macosx_10_13_x86_64.whl", hash = "sha256:efdca5630322a10774e8e98e1af481aad470dd62c3170801852d752aa7a783ba", size = 181309 },
    { url = "https://files.pythonhosted.org/packages/45/9f/3b1c20a0b7a3200524eb0076cc027a970d320bd3a6592873c85c92a08731/PyYAML-6.0.2-cp313-cp313-macosx_11_0_arm64.whl", hash = "sha256:50187695423ffe49e2deacb8cd10510bc361faac997de9efef88badc3bb9e2d1", size = 171679 },
    { url = "https://files.pythonhosted.org/packages/7c/9a/337322f27005c33bcb656c655fa78325b730324c78620e8328ae28b64d0c/PyYAML-6.0.2-cp313-cp313-manylinux_2_17_aarch64.manylinux2014_aarch64.whl", hash = "sha256:0ffe8360bab4910ef1b9e87fb812d8bc0a308b0d0eef8c8f44e0254ab3b07133", size = 733428 },
    { url = "https://files.pythonhosted.org/packages/a3/69/864fbe19e6c18ea3cc196cbe5d392175b4cf3d5d0ac1403ec3f2d237ebb5/PyYAML-6.0.2-cp313-cp313-manylinux_2_17_s390x.manylinux2014_s390x.whl", hash = "sha256:17e311b6c678207928d649faa7cb0d7b4c26a0ba73d41e99c4fff6b6c3276484", size = 763361 },
    { url = "https://files.pythonhosted.org/packages/04/24/b7721e4845c2f162d26f50521b825fb061bc0a5afcf9a386840f23ea19fa/PyYAML-6.0.2-cp313-cp313-manylinux_2_17_x86_64.manylinux2014_x86_64.whl", hash = "sha256:70b189594dbe54f75ab3a1acec5f1e3faa7e8cf2f1e08d9b561cb41b845f69d5", size = 759523 },
    { url = "https://files.pythonhosted.org/packages/2b/b2/e3234f59ba06559c6ff63c4e10baea10e5e7df868092bf9ab40e5b9c56b6/PyYAML-6.0.2-cp313-cp313-musllinux_1_1_aarch64.whl", hash = "sha256:41e4e3953a79407c794916fa277a82531dd93aad34e29c2a514c2c0c5fe971cc", size = 726660 },
    { url = "https://files.pythonhosted.org/packages/fe/0f/25911a9f080464c59fab9027482f822b86bf0608957a5fcc6eaac85aa515/PyYAML-6.0.2-cp313-cp313-musllinux_1_1_x86_64.whl", hash = "sha256:68ccc6023a3400877818152ad9a1033e3db8625d899c72eacb5a668902e4d652", size = 751597 },
    { url = "https://files.pythonhosted.org/packages/14/0d/e2c3b43bbce3cf6bd97c840b46088a3031085179e596d4929729d8d68270/PyYAML-6.0.2-cp313-cp313-win32.whl", hash = "sha256:bc2fa7c6b47d6bc618dd7fb02ef6fdedb1090ec036abab80d4681424b84c1183", size = 140527 },
    { url = "https://files.pythonhosted.org/packages/fa/de/02b54f42487e3d3c6efb3f89428677074ca7bf43aae402517bc7cca949f3/PyYAML-6.0.2-cp313-cp313-win_amd64.whl", hash = "sha256:8388ee1976c416731879ac16da0aff3f63b286ffdd57cdeb95f3f2e085687563", size = 156446 },
]

[[package]]
name = "reedsolo"
version = "1.7.0"
source = { registry = "https://pypi.org/simple" }
sdist = { url = "https://files.pythonhosted.org/packages/f7/61/a67338cbecf370d464e71b10e9a31355f909d6937c3a8d6b17dd5d5beb5e/reedsolo-1.7.0.tar.gz", hash = "sha256:c1359f02742751afe0f1c0de9f0772cc113835aa2855d2db420ea24393c87732", size = 59723 }
wheels = [
    { url = "https://files.pythonhosted.org/packages/09/19/1bb346c0e581557c88946d2bb979b2bee8992e72314cfb418b5440e383db/reedsolo-1.7.0-py3-none-any.whl", hash = "sha256:2b6a3e402a1ee3e1eea3f932f81e6c0b7bbc615588074dca1dbbcdeb055002bd", size = 32360 },
]

[[package]]
name = "rshell"
version = "0.0.36"
source = { registry = "https://pypi.org/simple" }
dependencies = [
    { name = "pyreadline", marker = "sys_platform == 'win32'" },
    { name = "pyserial" },
    { name = "pyudev" },
]
sdist = { url = "https://files.pythonhosted.org/packages/c7/ce/d802cd6363e709f36652c27c47d1ec411bc11eeb25bb472c711855e56038/rshell-0.0.36.tar.gz", hash = "sha256:4a66d835207479550e59d0dd3e83003d04c4eca78a4e49250f887ed2dd4b0bf5", size = 48786 }

[[package]]
name = "six"
version = "1.17.0"
source = { registry = "https://pypi.org/simple" }
sdist = { url = "https://files.pythonhosted.org/packages/94/e7/b2c673351809dca68a0e064b6af791aa332cf192da575fd474ed7d6f16a2/six-1.17.0.tar.gz", hash = "sha256:ff70335d468e7eb6ec65b95b99d3a2836546063f63acc5171de367e834932a81", size = 34031 }
wheels = [
    { url = "https://files.pythonhosted.org/packages/b7/ce/149a00dd41f10bc29e5921b496af8b574d8413afcd5e30dfa0ed46c2cc5e/six-1.17.0-py2.py3-none-any.whl", hash = "sha256:4721f391ed90541fddacab5acf947aa0d3dc7d27b2e1e8eda2be8970586c3274", size = 11050 },
]
